
Microsoft Visual Studio Solution File, Format Version 12.00
# Visual Studio 15
VisualStudioVersion = 15.0.28307.1082
MinimumVisualStudioVersion = 10.0.40219.1
Project("{8BC9CEB8-8B4A-11D0-8D11-00A0C91BC942}") = "proyecto_2_T", "proyecto_2_T\proyecto_2_T.vcxproj", "{FBAB05DC-85DC-4A51-9A9F-2D46421C910A}"
EndProject
Global
	GlobalSection(SolutionConfigurationPlatforms) = preSolution
		Debug|x64 = Debug|x64
		Debug|x86 = Debug|x86
		Release|x64 = Release|x64
		Release|x86 = Release|x86
	EndGlobalSection
	GlobalSection(ProjectConfigurationPlatforms) = postSolution
		{FBAB05DC-85DC-4A51-9A9F-2D46421C910A}.Debug|x64.ActiveCfg = Debug|x64
		{FBAB05DC-85DC-4A51-9A9F-2D46421C910A}.Debug|x64.Build.0 = Debug|x64
		{FBAB05DC-85DC-4A51-9A9F-2D46421C910A}.Debug|x86.ActiveCfg = Debug|Win32
		{FBAB05DC-85DC-4A51-9A9F-2D46421C910A}.Debug|x86.Build.0 = Debug|Win32
		{FBAB05DC-85DC-4A51-9A9F-2D46421C910A}.Release|x64.ActiveCfg = Release|x64
		{FBAB05DC-85DC-4A51-9A9F-2D46421C910A}.Release|x64.Build.0 = Release|x64
		{FBAB05DC-85DC-4A51-9A9F-2D46421C910A}.Release|x86.ActiveCfg = Release|Win32
		{FBAB05DC-85DC-4A51-9A9F-2D46421C910A}.Release|x86.Build.0 = Release|Win32
	EndGlobalSection
	GlobalSection(SolutionProperties) = preSolution
		HideSolutionNode = FALSE
	EndGlobalSection
	GlobalSection(ExtensibilityGlobals) = postSolution
		SolutionGuid = {5719FD33-1CAB-4058-98C5-85F3D7D85A63}
	EndGlobalSection
EndGlobal
